
Microsoft Visual Studio Solution File, Format Version 12.00
# Visual Studio 15
VisualStudioVersion = 15.0.27703.2018
MinimumVisualStudioVersion = 10.0.40219.1
Project("{2150E333-8FDC-42A3-9474-1A3956D46DE8}") = "Core", "Core", "{4F9CE04B-9399-4AB8-8736-977822E4B266}"
EndProject
Project("{FAE04EC0-301F-11D3-BF4B-00C04F79EFBC}") = "UserSettings", "Core\UserSettings\UserSettings.csproj", "{68A70E36-893C-419A-A993-B56ACB479ED0}"
EndProject
Project("{FAE04EC0-301F-11D3-BF4B-00C04F79EFBC}") = "Launcher", "Core\Launcher\Launcher.csproj", "{0E21ED52-253C-4342-91ED-5CCFDB4A4C68}"
EndProject
Project("{FAE04EC0-301F-11D3-BF4B-00C04F79EFBC}") = "JsonReader", "Core\JsonReader\JsonReader.csproj", "{C0FF6949-3609-4874-A3F7-7897E905D02D}"
EndProject
Project("{FAE04EC0-301F-11D3-BF4B-00C04F79EFBC}") = "MinecraftLauncher", "MinecraftLauncher\MinecraftLauncher.csproj", "{7C188923-F83F-49F0-9776-6F46F2D96B77}"
EndProject
Project("{FAE04EC0-301F-11D3-BF4B-00C04F79EFBC}") = "SimpleLogger", "Core\SimpleLogger\SimpleLogger.csproj", "{E36EBD08-47C9-42F3-838F-2EA198649757}"
EndProject
Project("{2150E333-8FDC-42A3-9474-1A3956D46DE8}") = "Tests", "Tests", "{3F8DBC6E-83F8-47BA-8614-DB27774D4039}"
EndProject
Project("{FAE04EC0-301F-11D3-BF4B-00C04F79EFBC}") = "MinecraftLauncherUnitTests", "Tests\MinecraftLauncherUnitTests\MinecraftLauncherUnitTests.csproj", "{CEFFAFBF-3AE8-40DA-A42C-90175CE33F89}"
EndProject
Global
	GlobalSection(SolutionConfigurationPlatforms) = preSolution
		Debug|Any CPU = Debug|Any CPU
		Release|Any CPU = Release|Any CPU
	EndGlobalSection
	GlobalSection(ProjectConfigurationPlatforms) = postSolution
		{68A70E36-893C-419A-A993-B56ACB479ED0}.Debug|Any CPU.ActiveCfg = Debug|Any CPU
		{68A70E36-893C-419A-A993-B56ACB479ED0}.Debug|Any CPU.Build.0 = Debug|Any CPU
		{68A70E36-893C-419A-A993-B56ACB479ED0}.Release|Any CPU.ActiveCfg = Release|Any CPU
		{68A70E36-893C-419A-A993-B56ACB479ED0}.Release|Any CPU.Build.0 = Release|Any CPU
		{0E21ED52-253C-4342-91ED-5CCFDB4A4C68}.Debug|Any CPU.ActiveCfg = Debug|Any CPU
		{0E21ED52-253C-4342-91ED-5CCFDB4A4C68}.Debug|Any CPU.Build.0 = Debug|Any CPU
		{0E21ED52-253C-4342-91ED-5CCFDB4A4C68}.Release|Any CPU.ActiveCfg = Release|Any CPU
		{0E21ED52-253C-4342-91ED-5CCFDB4A4C68}.Release|Any CPU.Build.0 = Release|Any CPU
		{C0FF6949-3609-4874-A3F7-7897E905D02D}.Debug|Any CPU.ActiveCfg = Debug|Any CPU
		{C0FF6949-3609-4874-A3F7-7897E905D02D}.Debug|Any CPU.Build.0 = Debug|Any CPU
		{C0FF6949-3609-4874-A3F7-7897E905D02D}.Release|Any CPU.ActiveCfg = Release|Any CPU
		{C0FF6949-3609-4874-A3F7-7897E905D02D}.Release|Any CPU.Build.0 = Release|Any CPU
		{7C188923-F83F-49F0-9776-6F46F2D96B77}.Debug|Any CPU.ActiveCfg = Debug|Any CPU
		{7C188923-F83F-49F0-9776-6F46F2D96B77}.Debug|Any CPU.Build.0 = Debug|Any CPU
		{7C188923-F83F-49F0-9776-6F46F2D96B77}.Release|Any CPU.ActiveCfg = Release|Any CPU
		{7C188923-F83F-49F0-9776-6F46F2D96B77}.Release|Any CPU.Build.0 = Release|Any CPU
		{E36EBD08-47C9-42F3-838F-2EA198649757}.Debug|Any CPU.ActiveCfg = Debug|Any CPU
		{E36EBD08-47C9-42F3-838F-2EA198649757}.Debug|Any CPU.Build.0 = Debug|Any CPU
		{E36EBD08-47C9-42F3-838F-2EA198649757}.Release|Any CPU.ActiveCfg = Release|Any CPU
		{E36EBD08-47C9-42F3-838F-2EA198649757}.Release|Any CPU.Build.0 = Release|Any CPU
		{CEFFAFBF-3AE8-40DA-A42C-90175CE33F89}.Debug|Any CPU.ActiveCfg = Debug|Any CPU
		{CEFFAFBF-3AE8-40DA-A42C-90175CE33F89}.Debug|Any CPU.Build.0 = Debug|Any CPU
		{CEFFAFBF-3AE8-40DA-A42C-90175CE33F89}.Release|Any CPU.ActiveCfg = Release|Any CPU
		{CEFFAFBF-3AE8-40DA-A42C-90175CE33F89}.Release|Any CPU.Build.0 = Release|Any CPU
	EndGlobalSection
	GlobalSection(SolutionProperties) = preSolution
		HideSolutionNode = FALSE
	EndGlobalSection
	GlobalSection(ExtensibilityGlobals) = postSolution
		SolutionGuid = {FE8A5B34-7A29-4DFA-A3B4-03A18B49336D}
	EndGlobalSection
	GlobalSection(NestedProjects) = preSolution
		{68A70E36-893C-419A-A993-B56ACB479ED0} = {4F9CE04B-9399-4AB8-8736-977822E4B266}
		{0E21ED52-253C-4342-91ED-5CCFDB4A4C68} = {4F9CE04B-9399-4AB8-8736-977822E4B266}
		{C0FF6949-3609-4874-A3F7-7897E905D02D} = {4F9CE04B-9399-4AB8-8736-977822E4B266}
		{E36EBD08-47C9-42F3-838F-2EA198649757} = {4F9CE04B-9399-4AB8-8736-977822E4B266}
		{CEFFAFBF-3AE8-40DA-A42C-90175CE33F89} = {3F8DBC6E-83F8-47BA-8614-DB27774D4039}
	EndGlobalSection
EndGlobal
