
Microsoft Visual Studio Solution File, Format Version 12.00
# Visual Studio 15
VisualStudioVersion = 15.0.27703.2018
MinimumVisualStudioVersion = 10.0.40219.1
Project("{FAE04EC0-301F-11D3-BF4B-00C04F79EFBC}") = "MCLauncher", "MCLauncher\MCLauncher.csproj", "{D04EF572-7976-4339-A988-D1810BE34B78}"
EndProject
Project("{FAE04EC0-301F-11D3-BF4B-00C04F79EFBC}") = "UnitTests", "UnitTests\UnitTests.csproj", "{A60429EB-9BB7-4FFC-A36A-94423E4A24BF}"
EndProject
Global
	GlobalSection(SolutionConfigurationPlatforms) = preSolution
		Debug|Any CPU = Debug|Any CPU
		Release|Any CPU = Release|Any CPU
	EndGlobalSection
	GlobalSection(ProjectConfigurationPlatforms) = postSolution
		{D04EF572-7976-4339-A988-D1810BE34B78}.Debug|Any CPU.ActiveCfg = Debug|Any CPU
		{D04EF572-7976-4339-A988-D1810BE34B78}.Debug|Any CPU.Build.0 = Debug|Any CPU
		{D04EF572-7976-4339-A988-D1810BE34B78}.Release|Any CPU.ActiveCfg = Release|Any CPU
		{D04EF572-7976-4339-A988-D1810BE34B78}.Release|Any CPU.Build.0 = Release|Any CPU
		{A60429EB-9BB7-4FFC-A36A-94423E4A24BF}.Debug|Any CPU.ActiveCfg = Debug|Any CPU
		{A60429EB-9BB7-4FFC-A36A-94423E4A24BF}.Debug|Any CPU.Build.0 = Debug|Any CPU
		{A60429EB-9BB7-4FFC-A36A-94423E4A24BF}.Release|Any CPU.ActiveCfg = Release|Any CPU
		{A60429EB-9BB7-4FFC-A36A-94423E4A24BF}.Release|Any CPU.Build.0 = Release|Any CPU
	EndGlobalSection
	GlobalSection(SolutionProperties) = preSolution
		HideSolutionNode = FALSE
	EndGlobalSection
	GlobalSection(ExtensibilityGlobals) = postSolution
		SolutionGuid = {FE8A5B34-7A29-4DFA-A3B4-03A18B49336D}
	EndGlobalSection
EndGlobal
